
Microsoft Visual Studio Solution File, Format Version 12.00
# Visual Studio Version 16
VisualStudioVersion = 16.0.31005.135
MinimumVisualStudioVersion = 10.0.40219.1
Project("{2150E333-8FDC-42A3-9474-1A3956D46DE8}") = "Api", "Api", "{BAA0688A-F888-446D-A07F-200812F79B17}"
	ProjectSection(SolutionItems) = preProject
		Api\.dockerignore = Api\.dockerignore
		Api\docker-compose.yml = Api\docker-compose.yml
		Api\Dockerfile = Api\Dockerfile
	EndProjectSection
EndProject
Project("{2150E333-8FDC-42A3-9474-1A3956D46DE8}") = "UI", "UI", "{89CA95D1-E2AF-4460-8BCA-03A9DB194BB1}"
EndProject
Project("{9A19103F-16F7-4668-BE54-9A1E7A4F7556}") = "Application", "Api\Application\Application.csproj", "{FB3D7050-2D91-432F-9AE0-A9957FAB4F29}"
EndProject
Project("{9A19103F-16F7-4668-BE54-9A1E7A4F7556}") = "Domain", "Api\Domain\Domain.csproj", "{7AC381E4-1D7F-48A1-B8D9-2A82DA1DD7A8}"
EndProject
Project("{9A19103F-16F7-4668-BE54-9A1E7A4F7556}") = "Infrastructure", "Api\Infrastructure\Infrastructure.csproj", "{71BAE647-EE7E-46C4-9914-433FDF74C567}"
EndProject
Project("{9A19103F-16F7-4668-BE54-9A1E7A4F7556}") = "WebApi", "Api\WebApi\WebApi.csproj", "{5A201769-255C-4D9E-93CB-D40555BDEEC5}"
EndProject
Project("{9A19103F-16F7-4668-BE54-9A1E7A4F7556}") = "WinForm", "UI\WinForm\WinForm.csproj", "{41843C95-2A1F-4D08-AF5A-FC0D23474E4E}"
EndProject
Project("{2150E333-8FDC-42A3-9474-1A3956D46DE8}") = "Mobile", "Mobile", "{4D872FEF-698A-43E5-9B41-B653AA4C586C}"
EndProject
Project("{FAE04EC0-301F-11D3-BF4B-00C04F79EFBC}") = "MobileApp.UWP", "UI\Mobile\MobileApp\MobileApp.UWP\MobileApp.UWP.csproj", "{B4BAADD4-DEBB-4E80-9EF4-9191640B2765}"
EndProject
Project("{FAE04EC0-301F-11D3-BF4B-00C04F79EFBC}") = "MobileApp.Android", "UI\Mobile\MobileApp\MobileApp.Android\MobileApp.Android.csproj", "{67AA854F-CE3C-4E4D-BB0E-70EEC6D748DE}"
EndProject
Project("{FAE04EC0-301F-11D3-BF4B-00C04F79EFBC}") = "MobileApp.iOS", "UI\Mobile\MobileApp\MobileApp.iOS\MobileApp.iOS.csproj", "{46944341-A3B9-4665-83BF-6067690538F8}"
EndProject
Project("{9A19103F-16F7-4668-BE54-9A1E7A4F7556}") = "MobileApp", "UI\Mobile\MobileApp\MobileApp\MobileApp.csproj", "{35AA646C-5EB9-41BF-AC69-BFE0BEF62778}"
EndProject
Global
	GlobalSection(SolutionConfigurationPlatforms) = preSolution
		Debug|Any CPU = Debug|Any CPU
		Debug|ARM = Debug|ARM
		Debug|iPhone = Debug|iPhone
		Debug|iPhoneSimulator = Debug|iPhoneSimulator
		Debug|x64 = Debug|x64
		Debug|x86 = Debug|x86
		Release|Any CPU = Release|Any CPU
		Release|ARM = Release|ARM
		Release|iPhone = Release|iPhone
		Release|iPhoneSimulator = Release|iPhoneSimulator
		Release|x64 = Release|x64
		Release|x86 = Release|x86
	EndGlobalSection
	GlobalSection(ProjectConfigurationPlatforms) = postSolution
		{FB3D7050-2D91-432F-9AE0-A9957FAB4F29}.Debug|Any CPU.ActiveCfg = Debug|Any CPU
		{FB3D7050-2D91-432F-9AE0-A9957FAB4F29}.Debug|Any CPU.Build.0 = Debug|Any CPU
		{FB3D7050-2D91-432F-9AE0-A9957FAB4F29}.Debug|ARM.ActiveCfg = Debug|Any CPU
		{FB3D7050-2D91-432F-9AE0-A9957FAB4F29}.Debug|ARM.Build.0 = Debug|Any CPU
		{FB3D7050-2D91-432F-9AE0-A9957FAB4F29}.Debug|iPhone.ActiveCfg = Debug|Any CPU
		{FB3D7050-2D91-432F-9AE0-A9957FAB4F29}.Debug|iPhone.Build.0 = Debug|Any CPU
		{FB3D7050-2D91-432F-9AE0-A9957FAB4F29}.Debug|iPhoneSimulator.ActiveCfg = Debug|Any CPU
		{FB3D7050-2D91-432F-9AE0-A9957FAB4F29}.Debug|iPhoneSimulator.Build.0 = Debug|Any CPU
		{FB3D7050-2D91-432F-9AE0-A9957FAB4F29}.Debug|x64.ActiveCfg = Debug|Any CPU
		{FB3D7050-2D91-432F-9AE0-A9957FAB4F29}.Debug|x64.Build.0 = Debug|Any CPU
		{FB3D7050-2D91-432F-9AE0-A9957FAB4F29}.Debug|x86.ActiveCfg = Debug|Any CPU
		{FB3D7050-2D91-432F-9AE0-A9957FAB4F29}.Debug|x86.Build.0 = Debug|Any CPU
		{FB3D7050-2D91-432F-9AE0-A9957FAB4F29}.Release|Any CPU.ActiveCfg = Release|Any CPU
		{FB3D7050-2D91-432F-9AE0-A9957FAB4F29}.Release|Any CPU.Build.0 = Release|Any CPU
		{FB3D7050-2D91-432F-9AE0-A9957FAB4F29}.Release|ARM.ActiveCfg = Release|Any CPU
		{FB3D7050-2D91-432F-9AE0-A9957FAB4F29}.Release|ARM.Build.0 = Release|Any CPU
		{FB3D7050-2D91-432F-9AE0-A9957FAB4F29}.Release|iPhone.ActiveCfg = Release|Any CPU
		{FB3D7050-2D91-432F-9AE0-A9957FAB4F29}.Release|iPhone.Build.0 = Release|Any CPU
		{FB3D7050-2D91-432F-9AE0-A9957FAB4F29}.Release|iPhoneSimulator.ActiveCfg = Release|Any CPU
		{FB3D7050-2D91-432F-9AE0-A9957FAB4F29}.Release|iPhoneSimulator.Build.0 = Release|Any CPU
		{FB3D7050-2D91-432F-9AE0-A9957FAB4F29}.Release|x64.ActiveCfg = Release|Any CPU
		{FB3D7050-2D91-432F-9AE0-A9957FAB4F29}.Release|x64.Build.0 = Release|Any CPU
		{FB3D7050-2D91-432F-9AE0-A9957FAB4F29}.Release|x86.ActiveCfg = Release|Any CPU
		{FB3D7050-2D91-432F-9AE0-A9957FAB4F29}.Release|x86.Build.0 = Release|Any CPU
		{7AC381E4-1D7F-48A1-B8D9-2A82DA1DD7A8}.Debug|Any CPU.ActiveCfg = Debug|Any CPU
		{7AC381E4-1D7F-48A1-B8D9-2A82DA1DD7A8}.Debug|Any CPU.Build.0 = Debug|Any CPU
		{7AC381E4-1D7F-48A1-B8D9-2A82DA1DD7A8}.Debug|ARM.ActiveCfg = Debug|Any CPU
		{7AC381E4-1D7F-48A1-B8D9-2A82DA1DD7A8}.Debug|ARM.Build.0 = Debug|Any CPU
		{7AC381E4-1D7F-48A1-B8D9-2A82DA1DD7A8}.Debug|iPhone.ActiveCfg = Debug|Any CPU
		{7AC381E4-1D7F-48A1-B8D9-2A82DA1DD7A8}.Debug|iPhone.Build.0 = Debug|Any CPU
		{7AC381E4-1D7F-48A1-B8D9-2A82DA1DD7A8}.Debug|iPhoneSimulator.ActiveCfg = Debug|Any CPU
		{7AC381E4-1D7F-48A1-B8D9-2A82DA1DD7A8}.Debug|iPhoneSimulator.Build.0 = Debug|Any CPU
		{7AC381E4-1D7F-48A1-B8D9-2A82DA1DD7A8}.Debug|x64.ActiveCfg = Debug|Any CPU
		{7AC381E4-1D7F-48A1-B8D9-2A82DA1DD7A8}.Debug|x64.Build.0 = Debug|Any CPU
		{7AC381E4-1D7F-48A1-B8D9-2A82DA1DD7A8}.Debug|x86.ActiveCfg = Debug|Any CPU
		{7AC381E4-1D7F-48A1-B8D9-2A82DA1DD7A8}.Debug|x86.Build.0 = Debug|Any CPU
		{7AC381E4-1D7F-48A1-B8D9-2A82DA1DD7A8}.Release|Any CPU.ActiveCfg = Release|Any CPU
		{7AC381E4-1D7F-48A1-B8D9-2A82DA1DD7A8}.Release|Any CPU.Build.0 = Release|Any CPU
		{7AC381E4-1D7F-48A1-B8D9-2A82DA1DD7A8}.Release|ARM.ActiveCfg = Release|Any CPU
		{7AC381E4-1D7F-48A1-B8D9-2A82DA1DD7A8}.Release|ARM.Build.0 = Release|Any CPU
		{7AC381E4-1D7F-48A1-B8D9-2A82DA1DD7A8}.Release|iPhone.ActiveCfg = Release|Any CPU
		{7AC381E4-1D7F-48A1-B8D9-2A82DA1DD7A8}.Release|iPhone.Build.0 = Release|Any CPU
		{7AC381E4-1D7F-48A1-B8D9-2A82DA1DD7A8}.Release|iPhoneSimulator.ActiveCfg = Release|Any CPU
		{7AC381E4-1D7F-48A1-B8D9-2A82DA1DD7A8}.Release|iPhoneSimulator.Build.0 = Release|Any CPU
		{7AC381E4-1D7F-48A1-B8D9-2A82DA1DD7A8}.Release|x64.ActiveCfg = Release|Any CPU
		{7AC381E4-1D7F-48A1-B8D9-2A82DA1DD7A8}.Release|x64.Build.0 = Release|Any CPU
		{7AC381E4-1D7F-48A1-B8D9-2A82DA1DD7A8}.Release|x86.ActiveCfg = Release|Any CPU
		{7AC381E4-1D7F-48A1-B8D9-2A82DA1DD7A8}.Release|x86.Build.0 = Release|Any CPU
		{71BAE647-EE7E-46C4-9914-433FDF74C567}.Debug|Any CPU.ActiveCfg = Debug|Any CPU
		{71BAE647-EE7E-46C4-9914-433FDF74C567}.Debug|Any CPU.Build.0 = Debug|Any CPU
		{71BAE647-EE7E-46C4-9914-433FDF74C567}.Debug|ARM.ActiveCfg = Debug|Any CPU
		{71BAE647-EE7E-46C4-9914-433FDF74C567}.Debug|ARM.Build.0 = Debug|Any CPU
		{71BAE647-EE7E-46C4-9914-433FDF74C567}.Debug|iPhone.ActiveCfg = Debug|Any CPU
		{71BAE647-EE7E-46C4-9914-433FDF74C567}.Debug|iPhone.Build.0 = Debug|Any CPU
		{71BAE647-EE7E-46C4-9914-433FDF74C567}.Debug|iPhoneSimulator.ActiveCfg = Debug|Any CPU
		{71BAE647-EE7E-46C4-9914-433FDF74C567}.Debug|iPhoneSimulator.Build.0 = Debug|Any CPU
		{71BAE647-EE7E-46C4-9914-433FDF74C567}.Debug|x64.ActiveCfg = Debug|Any CPU
		{71BAE647-EE7E-46C4-9914-433FDF74C567}.Debug|x64.Build.0 = Debug|Any CPU
		{71BAE647-EE7E-46C4-9914-433FDF74C567}.Debug|x86.ActiveCfg = Debug|Any CPU
		{71BAE647-EE7E-46C4-9914-433FDF74C567}.Debug|x86.Build.0 = Debug|Any CPU
		{71BAE647-EE7E-46C4-9914-433FDF74C567}.Release|Any CPU.ActiveCfg = Release|Any CPU
		{71BAE647-EE7E-46C4-9914-433FDF74C567}.Release|Any CPU.Build.0 = Release|Any CPU
		{71BAE647-EE7E-46C4-9914-433FDF74C567}.Release|ARM.ActiveCfg = Release|Any CPU
		{71BAE647-EE7E-46C4-9914-433FDF74C567}.Release|ARM.Build.0 = Release|Any CPU
		{71BAE647-EE7E-46C4-9914-433FDF74C567}.Release|iPhone.ActiveCfg = Release|Any CPU
		{71BAE647-EE7E-46C4-9914-433FDF74C567}.Release|iPhone.Build.0 = Release|Any CPU
		{71BAE647-EE7E-46C4-9914-433FDF74C567}.Release|iPhoneSimulator.ActiveCfg = Release|Any CPU
		{71BAE647-EE7E-46C4-9914-433FDF74C567}.Release|iPhoneSimulator.Build.0 = Release|Any CPU
		{71BAE647-EE7E-46C4-9914-433FDF74C567}.Release|x64.ActiveCfg = Release|Any CPU
		{71BAE647-EE7E-46C4-9914-433FDF74C567}.Release|x64.Build.0 = Release|Any CPU
		{71BAE647-EE7E-46C4-9914-433FDF74C567}.Release|x86.ActiveCfg = Release|Any CPU
		{71BAE647-EE7E-46C4-9914-433FDF74C567}.Release|x86.Build.0 = Release|Any CPU
		{5A201769-255C-4D9E-93CB-D40555BDEEC5}.Debug|Any CPU.ActiveCfg = Debug|Any CPU
		{5A201769-255C-4D9E-93CB-D40555BDEEC5}.Debug|Any CPU.Build.0 = Debug|Any CPU
		{5A201769-255C-4D9E-93CB-D40555BDEEC5}.Debug|ARM.ActiveCfg = Debug|Any CPU
		{5A201769-255C-4D9E-93CB-D40555BDEEC5}.Debug|ARM.Build.0 = Debug|Any CPU
		{5A201769-255C-4D9E-93CB-D40555BDEEC5}.Debug|iPhone.ActiveCfg = Debug|Any CPU
		{5A201769-255C-4D9E-93CB-D40555BDEEC5}.Debug|iPhone.Build.0 = Debug|Any CPU
		{5A201769-255C-4D9E-93CB-D40555BDEEC5}.Debug|iPhoneSimulator.ActiveCfg = Debug|Any CPU
		{5A201769-255C-4D9E-93CB-D40555BDEEC5}.Debug|iPhoneSimulator.Build.0 = Debug|Any CPU
		{5A201769-255C-4D9E-93CB-D40555BDEEC5}.Debug|x64.ActiveCfg = Debug|Any CPU
		{5A201769-255C-4D9E-93CB-D40555BDEEC5}.Debug|x64.Build.0 = Debug|Any CPU
		{5A201769-255C-4D9E-93CB-D40555BDEEC5}.Debug|x86.ActiveCfg = Debug|Any CPU
		{5A201769-255C-4D9E-93CB-D40555BDEEC5}.Debug|x86.Build.0 = Debug|Any CPU
		{5A201769-255C-4D9E-93CB-D40555BDEEC5}.Release|Any CPU.ActiveCfg = Release|Any CPU
		{5A201769-255C-4D9E-93CB-D40555BDEEC5}.Release|Any CPU.Build.0 = Release|Any CPU
		{5A201769-255C-4D9E-93CB-D40555BDEEC5}.Release|ARM.ActiveCfg = Release|Any CPU
		{5A201769-255C-4D9E-93CB-D40555BDEEC5}.Release|ARM.Build.0 = Release|Any CPU
		{5A201769-255C-4D9E-93CB-D40555BDEEC5}.Release|iPhone.ActiveCfg = Release|Any CPU
		{5A201769-255C-4D9E-93CB-D40555BDEEC5}.Release|iPhone.Build.0 = Release|Any CPU
		{5A201769-255C-4D9E-93CB-D40555BDEEC5}.Release|iPhoneSimulator.ActiveCfg = Release|Any CPU
		{5A201769-255C-4D9E-93CB-D40555BDEEC5}.Release|iPhoneSimulator.Build.0 = Release|Any CPU
		{5A201769-255C-4D9E-93CB-D40555BDEEC5}.Release|x64.ActiveCfg = Release|Any CPU
		{5A201769-255C-4D9E-93CB-D40555BDEEC5}.Release|x64.Build.0 = Release|Any CPU
		{5A201769-255C-4D9E-93CB-D40555BDEEC5}.Release|x86.ActiveCfg = Release|Any CPU
		{5A201769-255C-4D9E-93CB-D40555BDEEC5}.Release|x86.Build.0 = Release|Any CPU
		{41843C95-2A1F-4D08-AF5A-FC0D23474E4E}.Debug|Any CPU.ActiveCfg = Debug|Any CPU
		{41843C95-2A1F-4D08-AF5A-FC0D23474E4E}.Debug|Any CPU.Build.0 = Debug|Any CPU
		{41843C95-2A1F-4D08-AF5A-FC0D23474E4E}.Debug|ARM.ActiveCfg = Debug|Any CPU
		{41843C95-2A1F-4D08-AF5A-FC0D23474E4E}.Debug|ARM.Build.0 = Debug|Any CPU
		{41843C95-2A1F-4D08-AF5A-FC0D23474E4E}.Debug|iPhone.ActiveCfg = Debug|Any CPU
		{41843C95-2A1F-4D08-AF5A-FC0D23474E4E}.Debug|iPhone.Build.0 = Debug|Any CPU
		{41843C95-2A1F-4D08-AF5A-FC0D23474E4E}.Debug|iPhoneSimulator.ActiveCfg = Debug|Any CPU
		{41843C95-2A1F-4D08-AF5A-FC0D23474E4E}.Debug|iPhoneSimulator.Build.0 = Debug|Any CPU
		{41843C95-2A1F-4D08-AF5A-FC0D23474E4E}.Debug|x64.ActiveCfg = Debug|Any CPU
		{41843C95-2A1F-4D08-AF5A-FC0D23474E4E}.Debug|x64.Build.0 = Debug|Any CPU
		{41843C95-2A1F-4D08-AF5A-FC0D23474E4E}.Debug|x86.ActiveCfg = Debug|Any CPU
		{41843C95-2A1F-4D08-AF5A-FC0D23474E4E}.Debug|x86.Build.0 = Debug|Any CPU
		{41843C95-2A1F-4D08-AF5A-FC0D23474E4E}.Release|Any CPU.ActiveCfg = Release|Any CPU
		{41843C95-2A1F-4D08-AF5A-FC0D23474E4E}.Release|Any CPU.Build.0 = Release|Any CPU
		{41843C95-2A1F-4D08-AF5A-FC0D23474E4E}.Release|ARM.ActiveCfg = Release|Any CPU
		{41843C95-2A1F-4D08-AF5A-FC0D23474E4E}.Release|ARM.Build.0 = Release|Any CPU
		{41843C95-2A1F-4D08-AF5A-FC0D23474E4E}.Release|iPhone.ActiveCfg = Release|Any CPU
		{41843C95-2A1F-4D08-AF5A-FC0D23474E4E}.Release|iPhone.Build.0 = Release|Any CPU
		{41843C95-2A1F-4D08-AF5A-FC0D23474E4E}.Release|iPhoneSimulator.ActiveCfg = Release|Any CPU
		{41843C95-2A1F-4D08-AF5A-FC0D23474E4E}.Release|iPhoneSimulator.Build.0 = Release|Any CPU
		{41843C95-2A1F-4D08-AF5A-FC0D23474E4E}.Release|x64.ActiveCfg = Release|Any CPU
		{41843C95-2A1F-4D08-AF5A-FC0D23474E4E}.Release|x64.Build.0 = Release|Any CPU
		{41843C95-2A1F-4D08-AF5A-FC0D23474E4E}.Release|x86.ActiveCfg = Release|Any CPU
		{41843C95-2A1F-4D08-AF5A-FC0D23474E4E}.Release|x86.Build.0 = Release|Any CPU
		{B4BAADD4-DEBB-4E80-9EF4-9191640B2765}.Debug|Any CPU.ActiveCfg = Debug|x86
		{B4BAADD4-DEBB-4E80-9EF4-9191640B2765}.Debug|Any CPU.Build.0 = Debug|x86
		{B4BAADD4-DEBB-4E80-9EF4-9191640B2765}.Debug|Any CPU.Deploy.0 = Debug|x86
		{B4BAADD4-DEBB-4E80-9EF4-9191640B2765}.Debug|ARM.ActiveCfg = Debug|ARM
		{B4BAADD4-DEBB-4E80-9EF4-9191640B2765}.Debug|ARM.Build.0 = Debug|ARM
		{B4BAADD4-DEBB-4E80-9EF4-9191640B2765}.Debug|ARM.Deploy.0 = Debug|ARM
		{B4BAADD4-DEBB-4E80-9EF4-9191640B2765}.Debug|iPhone.ActiveCfg = Debug|x86
		{B4BAADD4-DEBB-4E80-9EF4-9191640B2765}.Debug|iPhoneSimulator.ActiveCfg = Debug|x86
		{B4BAADD4-DEBB-4E80-9EF4-9191640B2765}.Debug|x64.ActiveCfg = Debug|x64
		{B4BAADD4-DEBB-4E80-9EF4-9191640B2765}.Debug|x64.Build.0 = Debug|x64
		{B4BAADD4-DEBB-4E80-9EF4-9191640B2765}.Debug|x64.Deploy.0 = Debug|x64
		{B4BAADD4-DEBB-4E80-9EF4-9191640B2765}.Debug|x86.ActiveCfg = Debug|x86
		{B4BAADD4-DEBB-4E80-9EF4-9191640B2765}.Debug|x86.Build.0 = Debug|x86
		{B4BAADD4-DEBB-4E80-9EF4-9191640B2765}.Debug|x86.Deploy.0 = Debug|x86
		{B4BAADD4-DEBB-4E80-9EF4-9191640B2765}.Release|Any CPU.ActiveCfg = Release|x86
		{B4BAADD4-DEBB-4E80-9EF4-9191640B2765}.Release|Any CPU.Build.0 = Release|x86
		{B4BAADD4-DEBB-4E80-9EF4-9191640B2765}.Release|Any CPU.Deploy.0 = Release|x86
		{B4BAADD4-DEBB-4E80-9EF4-9191640B2765}.Release|ARM.ActiveCfg = Release|ARM
		{B4BAADD4-DEBB-4E80-9EF4-9191640B2765}.Release|ARM.Build.0 = Release|ARM
		{B4BAADD4-DEBB-4E80-9EF4-9191640B2765}.Release|ARM.Deploy.0 = Release|ARM
		{B4BAADD4-DEBB-4E80-9EF4-9191640B2765}.Release|iPhone.ActiveCfg = Release|x86
		{B4BAADD4-DEBB-4E80-9EF4-9191640B2765}.Release|iPhoneSimulator.ActiveCfg = Release|x86
		{B4BAADD4-DEBB-4E80-9EF4-9191640B2765}.Release|x64.ActiveCfg = Release|x64
		{B4BAADD4-DEBB-4E80-9EF4-9191640B2765}.Release|x64.Build.0 = Release|x64
		{B4BAADD4-DEBB-4E80-9EF4-9191640B2765}.Release|x64.Deploy.0 = Release|x64
		{B4BAADD4-DEBB-4E80-9EF4-9191640B2765}.Release|x86.ActiveCfg = Release|x86
		{B4BAADD4-DEBB-4E80-9EF4-9191640B2765}.Release|x86.Build.0 = Release|x86
		{B4BAADD4-DEBB-4E80-9EF4-9191640B2765}.Release|x86.Deploy.0 = Release|x86
		{67AA854F-CE3C-4E4D-BB0E-70EEC6D748DE}.Debug|Any CPU.ActiveCfg = Debug|Any CPU
		{67AA854F-CE3C-4E4D-BB0E-70EEC6D748DE}.Debug|Any CPU.Build.0 = Debug|Any CPU
		{67AA854F-CE3C-4E4D-BB0E-70EEC6D748DE}.Debug|Any CPU.Deploy.0 = Debug|Any CPU
		{67AA854F-CE3C-4E4D-BB0E-70EEC6D748DE}.Debug|ARM.ActiveCfg = Debug|Any CPU
		{67AA854F-CE3C-4E4D-BB0E-70EEC6D748DE}.Debug|ARM.Build.0 = Debug|Any CPU
		{67AA854F-CE3C-4E4D-BB0E-70EEC6D748DE}.Debug|ARM.Deploy.0 = Debug|Any CPU
		{67AA854F-CE3C-4E4D-BB0E-70EEC6D748DE}.Debug|iPhone.ActiveCfg = Debug|Any CPU
		{67AA854F-CE3C-4E4D-BB0E-70EEC6D748DE}.Debug|iPhone.Build.0 = Debug|Any CPU
		{67AA854F-CE3C-4E4D-BB0E-70EEC6D748DE}.Debug|iPhone.Deploy.0 = Debug|Any CPU
		{67AA854F-CE3C-4E4D-BB0E-70EEC6D748DE}.Debug|iPhoneSimulator.ActiveCfg = Debug|Any CPU
		{67AA854F-CE3C-4E4D-BB0E-70EEC6D748DE}.Debug|iPhoneSimulator.Build.0 = Debug|Any CPU
		{67AA854F-CE3C-4E4D-BB0E-70EEC6D748DE}.Debug|iPhoneSimulator.Deploy.0 = Debug|Any CPU
		{67AA854F-CE3C-4E4D-BB0E-70EEC6D748DE}.Debug|x64.ActiveCfg = Debug|Any CPU
		{67AA854F-CE3C-4E4D-BB0E-70EEC6D748DE}.Debug|x64.Build.0 = Debug|Any CPU
		{67AA854F-CE3C-4E4D-BB0E-70EEC6D748DE}.Debug|x64.Deploy.0 = Debug|Any CPU
		{67AA854F-CE3C-4E4D-BB0E-70EEC6D748DE}.Debug|x86.ActiveCfg = Debug|Any CPU
		{67AA854F-CE3C-4E4D-BB0E-70EEC6D748DE}.Debug|x86.Build.0 = Debug|Any CPU
		{67AA854F-CE3C-4E4D-BB0E-70EEC6D748DE}.Debug|x86.Deploy.0 = Debug|Any CPU
		{67AA854F-CE3C-4E4D-BB0E-70EEC6D748DE}.Release|Any CPU.ActiveCfg = Release|Any CPU
		{67AA854F-CE3C-4E4D-BB0E-70EEC6D748DE}.Release|Any CPU.Build.0 = Release|Any CPU
		{67AA854F-CE3C-4E4D-BB0E-70EEC6D748DE}.Release|Any CPU.Deploy.0 = Release|Any CPU
		{67AA854F-CE3C-4E4D-BB0E-70EEC6D748DE}.Release|ARM.ActiveCfg = Release|Any CPU
		{67AA854F-CE3C-4E4D-BB0E-70EEC6D748DE}.Release|ARM.Build.0 = Release|Any CPU
		{67AA854F-CE3C-4E4D-BB0E-70EEC6D748DE}.Release|ARM.Deploy.0 = Release|Any CPU
		{67AA854F-CE3C-4E4D-BB0E-70EEC6D748DE}.Release|iPhone.ActiveCfg = Release|Any CPU
		{67AA854F-CE3C-4E4D-BB0E-70EEC6D748DE}.Release|iPhone.Build.0 = Release|Any CPU
		{67AA854F-CE3C-4E4D-BB0E-70EEC6D748DE}.Release|iPhone.Deploy.0 = Release|Any CPU
		{67AA854F-CE3C-4E4D-BB0E-70EEC6D748DE}.Release|iPhoneSimulator.ActiveCfg = Release|Any CPU
		{67AA854F-CE3C-4E4D-BB0E-70EEC6D748DE}.Release|iPhoneSimulator.Build.0 = Release|Any CPU
		{67AA854F-CE3C-4E4D-BB0E-70EEC6D748DE}.Release|iPhoneSimulator.Deploy.0 = Release|Any CPU
		{67AA854F-CE3C-4E4D-BB0E-70EEC6D748DE}.Release|x64.ActiveCfg = Release|Any CPU
		{67AA854F-CE3C-4E4D-BB0E-70EEC6D748DE}.Release|x64.Build.0 = Release|Any CPU
		{67AA854F-CE3C-4E4D-BB0E-70EEC6D748DE}.Release|x64.Deploy.0 = Release|Any CPU
		{67AA854F-CE3C-4E4D-BB0E-70EEC6D748DE}.Release|x86.ActiveCfg = Release|Any CPU
		{67AA854F-CE3C-4E4D-BB0E-70EEC6D748DE}.Release|x86.Build.0 = Release|Any CPU
		{67AA854F-CE3C-4E4D-BB0E-70EEC6D748DE}.Release|x86.Deploy.0 = Release|Any CPU
		{46944341-A3B9-4665-83BF-6067690538F8}.Debug|Any CPU.ActiveCfg = Debug|iPhoneSimulator
		{46944341-A3B9-4665-83BF-6067690538F8}.Debug|Any CPU.Build.0 = Debug|iPhoneSimulator
		{46944341-A3B9-4665-83BF-6067690538F8}.Debug|ARM.ActiveCfg = Debug|iPhoneSimulator
		{46944341-A3B9-4665-83BF-6067690538F8}.Debug|iPhone.ActiveCfg = Debug|iPhone
		{46944341-A3B9-4665-83BF-6067690538F8}.Debug|iPhone.Build.0 = Debug|iPhone
		{46944341-A3B9-4665-83BF-6067690538F8}.Debug|iPhoneSimulator.ActiveCfg = Debug|iPhoneSimulator
		{46944341-A3B9-4665-83BF-6067690538F8}.Debug|iPhoneSimulator.Build.0 = Debug|iPhoneSimulator
		{46944341-A3B9-4665-83BF-6067690538F8}.Debug|x64.ActiveCfg = Debug|iPhoneSimulator
		{46944341-A3B9-4665-83BF-6067690538F8}.Debug|x86.ActiveCfg = Debug|iPhoneSimulator
		{46944341-A3B9-4665-83BF-6067690538F8}.Release|Any CPU.ActiveCfg = Release|iPhoneSimulator
		{46944341-A3B9-4665-83BF-6067690538F8}.Release|Any CPU.Build.0 = Release|iPhoneSimulator
		{46944341-A3B9-4665-83BF-6067690538F8}.Release|ARM.ActiveCfg = Release|iPhoneSimulator
		{46944341-A3B9-4665-83BF-6067690538F8}.Release|iPhone.ActiveCfg = Release|iPhone
		{46944341-A3B9-4665-83BF-6067690538F8}.Release|iPhone.Build.0 = Release|iPhone
		{46944341-A3B9-4665-83BF-6067690538F8}.Release|iPhoneSimulator.ActiveCfg = Release|iPhoneSimulator
		{46944341-A3B9-4665-83BF-6067690538F8}.Release|iPhoneSimulator.Build.0 = Release|iPhoneSimulator
		{46944341-A3B9-4665-83BF-6067690538F8}.Release|x64.ActiveCfg = Release|iPhoneSimulator
		{46944341-A3B9-4665-83BF-6067690538F8}.Release|x86.ActiveCfg = Release|iPhoneSimulator
		{35AA646C-5EB9-41BF-AC69-BFE0BEF62778}.Debug|Any CPU.ActiveCfg = Debug|Any CPU
		{35AA646C-5EB9-41BF-AC69-BFE0BEF62778}.Debug|Any CPU.Build.0 = Debug|Any CPU
		{35AA646C-5EB9-41BF-AC69-BFE0BEF62778}.Debug|ARM.ActiveCfg = Debug|Any CPU
		{35AA646C-5EB9-41BF-AC69-BFE0BEF62778}.Debug|ARM.Build.0 = Debug|Any CPU
		{35AA646C-5EB9-41BF-AC69-BFE0BEF62778}.Debug|iPhone.ActiveCfg = Debug|Any CPU
		{35AA646C-5EB9-41BF-AC69-BFE0BEF62778}.Debug|iPhone.Build.0 = Debug|Any CPU
		{35AA646C-5EB9-41BF-AC69-BFE0BEF62778}.Debug|iPhoneSimulator.ActiveCfg = Debug|Any CPU
		{35AA646C-5EB9-41BF-AC69-BFE0BEF62778}.Debug|iPhoneSimulator.Build.0 = Debug|Any CPU
		{35AA646C-5EB9-41BF-AC69-BFE0BEF62778}.Debug|x64.ActiveCfg = Debug|Any CPU
		{35AA646C-5EB9-41BF-AC69-BFE0BEF62778}.Debug|x64.Build.0 = Debug|Any CPU
		{35AA646C-5EB9-41BF-AC69-BFE0BEF62778}.Debug|x86.ActiveCfg = Debug|Any CPU
		{35AA646C-5EB9-41BF-AC69-BFE0BEF62778}.Debug|x86.Build.0 = Debug|Any CPU
		{35AA646C-5EB9-41BF-AC69-BFE0BEF62778}.Release|Any CPU.ActiveCfg = Release|Any CPU
		{35AA646C-5EB9-41BF-AC69-BFE0BEF62778}.Release|Any CPU.Build.0 = Release|Any CPU
		{35AA646C-5EB9-41BF-AC69-BFE0BEF62778}.Release|ARM.ActiveCfg = Release|Any CPU
		{35AA646C-5EB9-41BF-AC69-BFE0BEF62778}.Release|ARM.Build.0 = Release|Any CPU
		{35AA646C-5EB9-41BF-AC69-BFE0BEF62778}.Release|iPhone.ActiveCfg = Release|Any CPU
		{35AA646C-5EB9-41BF-AC69-BFE0BEF62778}.Release|iPhone.Build.0 = Release|Any CPU
		{35AA646C-5EB9-41BF-AC69-BFE0BEF62778}.Release|iPhoneSimulator.ActiveCfg = Release|Any CPU
		{35AA646C-5EB9-41BF-AC69-BFE0BEF62778}.Release|iPhoneSimulator.Build.0 = Release|Any CPU
		{35AA646C-5EB9-41BF-AC69-BFE0BEF62778}.Release|x64.ActiveCfg = Release|Any CPU
		{35AA646C-5EB9-41BF-AC69-BFE0BEF62778}.Release|x64.Build.0 = Release|Any CPU
		{35AA646C-5EB9-41BF-AC69-BFE0BEF62778}.Release|x86.ActiveCfg = Release|Any CPU
		{35AA646C-5EB9-41BF-AC69-BFE0BEF62778}.Release|x86.Build.0 = Release|Any CPU
	EndGlobalSection
	GlobalSection(SolutionProperties) = preSolution
		HideSolutionNode = FALSE
	EndGlobalSection
	GlobalSection(NestedProjects) = preSolution
		{FB3D7050-2D91-432F-9AE0-A9957FAB4F29} = {BAA0688A-F888-446D-A07F-200812F79B17}
		{7AC381E4-1D7F-48A1-B8D9-2A82DA1DD7A8} = {BAA0688A-F888-446D-A07F-200812F79B17}
		{71BAE647-EE7E-46C4-9914-433FDF74C567} = {BAA0688A-F888-446D-A07F-200812F79B17}
		{5A201769-255C-4D9E-93CB-D40555BDEEC5} = {BAA0688A-F888-446D-A07F-200812F79B17}
		{41843C95-2A1F-4D08-AF5A-FC0D23474E4E} = {89CA95D1-E2AF-4460-8BCA-03A9DB194BB1}
		{4D872FEF-698A-43E5-9B41-B653AA4C586C} = {89CA95D1-E2AF-4460-8BCA-03A9DB194BB1}
		{B4BAADD4-DEBB-4E80-9EF4-9191640B2765} = {4D872FEF-698A-43E5-9B41-B653AA4C586C}
		{67AA854F-CE3C-4E4D-BB0E-70EEC6D748DE} = {4D872FEF-698A-43E5-9B41-B653AA4C586C}
		{46944341-A3B9-4665-83BF-6067690538F8} = {4D872FEF-698A-43E5-9B41-B653AA4C586C}
		{35AA646C-5EB9-41BF-AC69-BFE0BEF62778} = {4D872FEF-698A-43E5-9B41-B653AA4C586C}
	EndGlobalSection
	GlobalSection(ExtensibilityGlobals) = postSolution
		SolutionGuid = {362026EB-A5E3-4D40-BED2-C5ADC0B1C097}
	EndGlobalSection
EndGlobal
